// !$*UTF8*$!
{
	archiveVersion = 1;
	classes = {
	};
	objectVersion = 50;
	objects = {

/* Begin PBXBuildFile section */
		8A01001826F4736400297E04 /* BufferPreprocessor.cpp in Sources */ = {isa = PBXBuildFile; fileRef = 8A01001626F4736400297E04 /* BufferPreprocessor.cpp */; };
		8A156F2A26EB8CA500B077FB /* func.cpp in Sources */ = {isa = PBXBuildFile; fileRef = 8A156F2826EB8CA500B077FB /* func.cpp */; };
		8A156F2E26EB8E8000B077FB /* CPPCaller.mm in Sources */ = {isa = PBXBuildFile; fileRef = 8A156F2D26EB8E8000B077FB /* CPPCaller.mm */; };
		8A156F3926EB9BB900B077FB /* mtlpp.mm in Sources */ = {isa = PBXBuildFile; fileRef = 8A156F3726EB9BB900B077FB /* mtlpp.mm */; settings = {COMPILER_FLAGS = "-fno-objc-arc"; }; };
		8A156F4C26EBACEE00B077FB /* libgmp.a in Frameworks */ = {isa = PBXBuildFile; fileRef = 8A156F4A26EBACEE00B077FB /* libgmp.a */; };
		8A156F4D26EBACEE00B077FB /* libmpfr.a in Frameworks */ = {isa = PBXBuildFile; fileRef = 8A156F4B26EBACEE00B077FB /* libmpfr.a */; };
		8A1D960326EF893C004E8140 /* RendererExtension.swift in Sources */ = {isa = PBXBuildFile; fileRef = 8A1D960226EF893C004E8140 /* RendererExtension.swift */; };
		8A7A38A126C14B1A00469FF7 /* Exporter.swift in Sources */ = {isa = PBXBuildFile; fileRef = 8A7A38A026C14B1A00469FF7 /* Exporter.swift */; };
		8AC320C226F1C8D00055AB18 /* Resourses.swift in Sources */ = {isa = PBXBuildFile; fileRef = 8AC320C126F1C8D00055AB18 /* Resourses.swift */; };
		E73DD13124636FEF00D77039 /* AppDelegate.swift in Sources */ = {isa = PBXBuildFile; fileRef = E73DD13024636FEF00D77039 /* AppDelegate.swift */; };
		E73DD13324636FEF00D77039 /* Shaders.metal in Sources */ = {isa = PBXBuildFile; fileRef = E73DD13224636FEF00D77039 /* Shaders.metal */; };
		E73DD13624636FEF00D77039 /* Renderer.swift in Sources */ = {isa = PBXBuildFile; fileRef = E73DD13524636FEF00D77039 /* Renderer.swift */; };
		E73DD13824636FEF00D77039 /* ViewController.swift in Sources */ = {isa = PBXBuildFile; fileRef = E73DD13724636FEF00D77039 /* ViewController.swift */; };
		E73DD13B24636FEF00D77039 /* Main.storyboard in Resources */ = {isa = PBXBuildFile; fileRef = E73DD13924636FEF00D77039 /* Main.storyboard */; };
		E73DD13D24636FF100D77039 /* Assets.xcassets in Resources */ = {isa = PBXBuildFile; fileRef = E73DD13C24636FF100D77039 /* Assets.xcassets */; };
		E73DD14024636FF100D77039 /* LaunchScreen.storyboard in Resources */ = {isa = PBXBuildFile; fileRef = E73DD13E24636FF100D77039 /* LaunchScreen.storyboard */; };
		E7B7223B24807ACA002E43E8 /* MetalBuffer.swift in Sources */ = {isa = PBXBuildFile; fileRef = E7B7223A24807ACA002E43E8 /* MetalBuffer.swift */; };
		E7B7223D24809D1E002E43E8 /* Helpers.swift in Sources */ = {isa = PBXBuildFile; fileRef = E7B7223C24809D1E002E43E8 /* Helpers.swift */; };
/* End PBXBuildFile section */

/* Begin PBXFileReference section */
		8A01001626F4736400297E04 /* BufferPreprocessor.cpp */ = {isa = PBXFileReference; lastKnownFileType = sourcecode.cpp.cpp; path = BufferPreprocessor.cpp; sourceTree = "<group>"; };
		8A01001726F4736400297E04 /* BufferPreprocessor.hpp */ = {isa = PBXFileReference; lastKnownFileType = sourcecode.cpp.h; path = BufferPreprocessor.hpp; sourceTree = "<group>"; };
		8A156F2826EB8CA500B077FB /* func.cpp */ = {isa = PBXFileReference; fileEncoding = 4; lastKnownFileType = sourcecode.cpp.cpp; path = func.cpp; sourceTree = "<group>"; };
		8A156F2926EB8CA500B077FB /* func.hpp */ = {isa = PBXFileReference; fileEncoding = 4; lastKnownFileType = sourcecode.cpp.h; path = func.hpp; sourceTree = "<group>"; };
		8A156F2C26EB8E8000B077FB /* CPPCaller.h */ = {isa = PBXFileReference; lastKnownFileType = sourcecode.c.h; path = CPPCaller.h; sourceTree = "<group>"; };
		8A156F2D26EB8E8000B077FB /* CPPCaller.mm */ = {isa = PBXFileReference; lastKnownFileType = sourcecode.cpp.objcpp; path = CPPCaller.mm; sourceTree = "<group>"; };
		8A156F3726EB9BB900B077FB /* mtlpp.mm */ = {isa = PBXFileReference; fileEncoding = 4; lastKnownFileType = sourcecode.cpp.objcpp; path = mtlpp.mm; sourceTree = "<group>"; };
		8A156F3826EB9BB900B077FB /* mtlpp.hpp */ = {isa = PBXFileReference; fileEncoding = 4; lastKnownFileType = sourcecode.cpp.h; path = mtlpp.hpp; sourceTree = "<group>"; };
		8A156F3F26EBA8CF00B077FB /* gsl_pointers.h */ = {isa = PBXFileReference; fileEncoding = 4; lastKnownFileType = sourcecode.c.h; path = gsl_pointers.h; sourceTree = "<group>"; };
		8A156F4026EBA8CF00B077FB /* gsl_byte.h */ = {isa = PBXFileReference; fileEncoding = 4; lastKnownFileType = sourcecode.c.h; path = gsl_byte.h; sourceTree = "<group>"; };
		8A156F4126EBA8CF00B077FB /* gsl_narrow.h */ = {isa = PBXFileReference; fileEncoding = 4; lastKnownFileType = sourcecode.c.h; path = gsl_narrow.h; sourceTree = "<group>"; };
		8A156F4226EBA8CF00B077FB /* gsl.h */ = {isa = PBXFileReference; fileEncoding = 4; lastKnownFileType = sourcecode.c.h; path = gsl.h; sourceTree = "<group>"; };
		8A156F4326EBA8CF00B077FB /* gsl_span_ext.h */ = {isa = PBXFileReference; fileEncoding = 4; lastKnownFileType = sourcecode.c.h; path = gsl_span_ext.h; sourceTree = "<group>"; };
		8A156F4426EBA8CF00B077FB /* gsl_assert.h */ = {isa = PBXFileReference; fileEncoding = 4; lastKnownFileType = sourcecode.c.h; path = gsl_assert.h; sourceTree = "<group>"; };
		8A156F4526EBA8CF00B077FB /* gsl_string_span.h */ = {isa = PBXFileReference; fileEncoding = 4; lastKnownFileType = sourcecode.c.h; path = gsl_string_span.h; sourceTree = "<group>"; };
		8A156F4626EBA8CF00B077FB /* gsl_util.h */ = {isa = PBXFileReference; fileEncoding = 4; lastKnownFileType = sourcecode.c.h; path = gsl_util.h; sourceTree = "<group>"; };
		8A156F4726EBA8CF00B077FB /* gsl_algorithm.h */ = {isa = PBXFileReference; fileEncoding = 4; lastKnownFileType = sourcecode.c.h; path = gsl_algorithm.h; sourceTree = "<group>"; };
		8A156F4826EBA8CF00B077FB /* gsl_span.h */ = {isa = PBXFileReference; fileEncoding = 4; lastKnownFileType = sourcecode.c.h; path = gsl_span.h; sourceTree = "<group>"; };
		8A156F4A26EBACEE00B077FB /* libgmp.a */ = {isa = PBXFileReference; lastKnownFileType = archive.ar; name = libgmp.a; path = ../../../../../opt/homebrew/ioslib/libgmp.a; sourceTree = "<group>"; };
		8A156F4B26EBACEE00B077FB /* libmpfr.a */ = {isa = PBXFileReference; lastKnownFileType = archive.ar; name = libmpfr.a; path = ../../../../../opt/homebrew/ioslib/libmpfr.a; sourceTree = "<group>"; };
		8A1D960226EF893C004E8140 /* RendererExtension.swift */ = {isa = PBXFileReference; lastKnownFileType = sourcecode.swift; path = RendererExtension.swift; sourceTree = "<group>"; };
		8A1D960426F0CE37004E8140 /* Perimeter.h */ = {isa = PBXFileReference; lastKnownFileType = sourcecode.c.h; path = Perimeter.h; sourceTree = "<group>"; };
		8A1D960526F0CEA8004E8140 /* FacetAdaptor.h */ = {isa = PBXFileReference; lastKnownFileType = sourcecode.c.h; path = FacetAdaptor.h; sourceTree = "<group>"; };
		8A1D960626F0D9DE004E8140 /* VertexAdaptor.h */ = {isa = PBXFileReference; lastKnownFileType = sourcecode.c.h; path = VertexAdaptor.h; sourceTree = "<group>"; };
		8A7A38A026C14B1A00469FF7 /* Exporter.swift */ = {isa = PBXFileReference; lastKnownFileType = sourcecode.swift; path = Exporter.swift; sourceTree = "<group>"; };
		8AC320C126F1C8D00055AB18 /* Resourses.swift */ = {isa = PBXFileReference; lastKnownFileType = sourcecode.swift; path = Resourses.swift; sourceTree = "<group>"; };
		948146554F46E56B015690CC /* SampleCode.xcconfig */ = {isa = PBXFileReference; lastKnownFileType = text.xcconfig; name = SampleCode.xcconfig; path = Configuration/SampleCode.xcconfig; sourceTree = "<group>"; };
		B57D60B9736905755DECF7CE /* README.md */ = {isa = PBXFileReference; lastKnownFileType = net.daringfireball.markdown; path = README.md; sourceTree = "<group>"; };
		E73DD12D24636FEF00D77039 /* Point Cloud.app */ = {isa = PBXFileReference; explicitFileType = wrapper.application; includeInIndex = 0; path = "Point Cloud.app"; sourceTree = BUILT_PRODUCTS_DIR; };
		E73DD13024636FEF00D77039 /* AppDelegate.swift */ = {isa = PBXFileReference; lastKnownFileType = sourcecode.swift; path = AppDelegate.swift; sourceTree = "<group>"; };
		E73DD13224636FEF00D77039 /* Shaders.metal */ = {isa = PBXFileReference; lastKnownFileType = sourcecode.metal; path = Shaders.metal; sourceTree = "<group>"; };
		E73DD13424636FEF00D77039 /* ShaderTypes.h */ = {isa = PBXFileReference; lastKnownFileType = sourcecode.c.h; path = ShaderTypes.h; sourceTree = "<group>"; };
		E73DD13524636FEF00D77039 /* Renderer.swift */ = {isa = PBXFileReference; lastKnownFileType = sourcecode.swift; path = Renderer.swift; sourceTree = "<group>"; };
		E73DD13724636FEF00D77039 /* ViewController.swift */ = {isa = PBXFileReference; lastKnownFileType = sourcecode.swift; path = ViewController.swift; sourceTree = "<group>"; };
		E73DD13A24636FEF00D77039 /* Base */ = {isa = PBXFileReference; lastKnownFileType = file.storyboard; name = Base; path = Base.lproj/Main.storyboard; sourceTree = "<group>"; };
		E73DD13C24636FF100D77039 /* Assets.xcassets */ = {isa = PBXFileReference; lastKnownFileType = folder.assetcatalog; path = Assets.xcassets; sourceTree = "<group>"; };
		E73DD13F24636FF100D77039 /* Base */ = {isa = PBXFileReference; lastKnownFileType = file.storyboard; name = Base; path = Base.lproj/LaunchScreen.storyboard; sourceTree = "<group>"; };
		E73DD14124636FF100D77039 /* Info.plist */ = {isa = PBXFileReference; lastKnownFileType = text.plist.xml; path = Info.plist; sourceTree = "<group>"; };
		E73DD14224636FF100D77039 /* SceneDepthPointCloud-Bridging-Header.h */ = {isa = PBXFileReference; lastKnownFileType = sourcecode.c.h; path = "SceneDepthPointCloud-Bridging-Header.h"; sourceTree = "<group>"; };
		E7B7223A24807ACA002E43E8 /* MetalBuffer.swift */ = {isa = PBXFileReference; fileEncoding = 4; lastKnownFileType = sourcecode.swift; path = MetalBuffer.swift; sourceTree = "<group>"; };
		E7B7223C24809D1E002E43E8 /* Helpers.swift */ = {isa = PBXFileReference; lastKnownFileType = sourcecode.swift; path = Helpers.swift; sourceTree = "<group>"; };
		E7E2ED6F1473F1FD1E9543FA /* LICENSE.txt */ = {isa = PBXFileReference; includeInIndex = 1; lastKnownFileType = text; path = LICENSE.txt; sourceTree = "<group>"; };
/* End PBXFileReference section */

/* Begin PBXFrameworksBuildPhase section */
		E73DD12A24636FEF00D77039 /* Frameworks */ = {
			isa = PBXFrameworksBuildPhase;
			buildActionMask = 2147483647;
			files = (
				8A156F4C26EBACEE00B077FB /* libgmp.a in Frameworks */,
				8A156F4D26EBACEE00B077FB /* libmpfr.a in Frameworks */,
			);
			runOnlyForDeploymentPostprocessing = 0;
		};
/* End PBXFrameworksBuildPhase section */

/* Begin PBXGroup section */
		8A156F2726EB8BA900B077FB /* cpp */ = {
			isa = PBXGroup;
			children = (
				8A156F3E26EBA8A500B077FB /* gsl */,
				8A156F3626EB9B3A00B077FB /* mtlpp */,
				8A156F2826EB8CA500B077FB /* func.cpp */,
				8A1D960426F0CE37004E8140 /* Perimeter.h */,
				8A156F2926EB8CA500B077FB /* func.hpp */,
				8A1D960526F0CEA8004E8140 /* FacetAdaptor.h */,
				8A1D960626F0D9DE004E8140 /* VertexAdaptor.h */,
				8A01001626F4736400297E04 /* BufferPreprocessor.cpp */,
				8A01001726F4736400297E04 /* BufferPreprocessor.hpp */,
			);
			path = cpp;
			sourceTree = "<group>";
		};
		8A156F2B26EB8E1200B077FB /* objc */ = {
			isa = PBXGroup;
			children = (
				8A156F2C26EB8E8000B077FB /* CPPCaller.h */,
				8A156F2D26EB8E8000B077FB /* CPPCaller.mm */,
			);
			path = objc;
			sourceTree = "<group>";
		};
		8A156F2F26EB90DA00B077FB /* swift */ = {
			isa = PBXGroup;
			children = (
				8A7A38A026C14B1A00469FF7 /* Exporter.swift */,
				E7B7223C24809D1E002E43E8 /* Helpers.swift */,
				E7B7223A24807ACA002E43E8 /* MetalBuffer.swift */,
				E73DD13724636FEF00D77039 /* ViewController.swift */,
				E73DD13024636FEF00D77039 /* AppDelegate.swift */,
				E73DD13524636FEF00D77039 /* Renderer.swift */,
				8A1D960226EF893C004E8140 /* RendererExtension.swift */,
				8AC320C126F1C8D00055AB18 /* Resourses.swift */,
			);
			path = swift;
			sourceTree = "<group>";
		};
		8A156F3026EB912400B077FB /* metal */ = {
			isa = PBXGroup;
			children = (
				E73DD13224636FEF00D77039 /* Shaders.metal */,
			);
			path = metal;
			sourceTree = "<group>";
		};
		8A156F3626EB9B3A00B077FB /* mtlpp */ = {
			isa = PBXGroup;
			children = (
				8A156F3826EB9BB900B077FB /* mtlpp.hpp */,
				8A156F3726EB9BB900B077FB /* mtlpp.mm */,
			);
			path = mtlpp;
			sourceTree = "<group>";
		};
		8A156F3E26EBA8A500B077FB /* gsl */ = {
			isa = PBXGroup;
			children = (
				8A156F4726EBA8CF00B077FB /* gsl_algorithm.h */,
				8A156F4426EBA8CF00B077FB /* gsl_assert.h */,
				8A156F4026EBA8CF00B077FB /* gsl_byte.h */,
				8A156F4126EBA8CF00B077FB /* gsl_narrow.h */,
				8A156F3F26EBA8CF00B077FB /* gsl_pointers.h */,
				8A156F4326EBA8CF00B077FB /* gsl_span_ext.h */,
				8A156F4826EBA8CF00B077FB /* gsl_span.h */,
				8A156F4526EBA8CF00B077FB /* gsl_string_span.h */,
				8A156F4626EBA8CF00B077FB /* gsl_util.h */,
				8A156F4226EBA8CF00B077FB /* gsl.h */,
			);
			path = gsl;
			sourceTree = "<group>";
		};
		8A156F4926EBACEE00B077FB /* Frameworks */ = {
			isa = PBXGroup;
			children = (
				8A156F4A26EBACEE00B077FB /* libgmp.a */,
				8A156F4B26EBACEE00B077FB /* libmpfr.a */,
			);
			name = Frameworks;
			sourceTree = "<group>";
		};
		A6415A999BE1C768F18B2649 /* Configuration */ = {
			isa = PBXGroup;
			children = (
				948146554F46E56B015690CC /* SampleCode.xcconfig */,
			);
			name = Configuration;
			sourceTree = "<group>";
		};
		BF2DD93DB9836723DA6BED14 /* LICENSE */ = {
			isa = PBXGroup;
			children = (
				E7E2ED6F1473F1FD1E9543FA /* LICENSE.txt */,
			);
			path = LICENSE;
			sourceTree = "<group>";
		};
		E73DD12424636FEF00D77039 = {
			isa = PBXGroup;
			children = (
				B57D60B9736905755DECF7CE /* README.md */,
				E73DD12F24636FEF00D77039 /* SceneDepthPointCloud */,
				E73DD12E24636FEF00D77039 /* Products */,
				A6415A999BE1C768F18B2649 /* Configuration */,
				BF2DD93DB9836723DA6BED14 /* LICENSE */,
				8A156F4926EBACEE00B077FB /* Frameworks */,
			);
			sourceTree = "<group>";
		};
		E73DD12E24636FEF00D77039 /* Products */ = {
			isa = PBXGroup;
			children = (
				E73DD12D24636FEF00D77039 /* Point Cloud.app */,
			);
			name = Products;
			sourceTree = "<group>";
		};
		E73DD12F24636FEF00D77039 /* SceneDepthPointCloud */ = {
			isa = PBXGroup;
			children = (
				8A156F3026EB912400B077FB /* metal */,
				8A156F2F26EB90DA00B077FB /* swift */,
				8A156F2B26EB8E1200B077FB /* objc */,
				8A156F2726EB8BA900B077FB /* cpp */,
				E73DD13424636FEF00D77039 /* ShaderTypes.h */,
				E73DD13924636FEF00D77039 /* Main.storyboard */,
				E73DD13C24636FF100D77039 /* Assets.xcassets */,
				E73DD13E24636FF100D77039 /* LaunchScreen.storyboard */,
				E73DD14124636FF100D77039 /* Info.plist */,
				E73DD14224636FF100D77039 /* SceneDepthPointCloud-Bridging-Header.h */,
			);
			path = SceneDepthPointCloud;
			sourceTree = "<group>";
		};
/* End PBXGroup section */

/* Begin PBXNativeTarget section */
		E73DD12C24636FEF00D77039 /* SceneDepthPointCloud */ = {
			isa = PBXNativeTarget;
			buildConfigurationList = E73DD14524636FF100D77039 /* Build configuration list for PBXNativeTarget "SceneDepthPointCloud" */;
			buildPhases = (
				E73DD12924636FEF00D77039 /* Sources */,
				E73DD12A24636FEF00D77039 /* Frameworks */,
				E73DD12B24636FEF00D77039 /* Resources */,
			);
			buildRules = (
			);
			dependencies = (
			);
			name = SceneDepthPointCloud;
			productName = SceneDepthDemo;
			productReference = E73DD12D24636FEF00D77039 /* Point Cloud.app */;
			productType = "com.apple.product-type.application";
		};
/* End PBXNativeTarget section */

/* Begin PBXProject section */
		E73DD12524636FEF00D77039 /* Project object */ = {
			isa = PBXProject;
			attributes = {
				LastSwiftUpdateCheck = 1140;
				LastUpgradeCheck = 1200;
				ORGANIZATIONNAME = Apple;
				TargetAttributes = {
					E73DD12C24636FEF00D77039 = {
						CreatedOnToolsVersion = 11.4;
					};
				};
			};
			buildConfigurationList = E73DD12824636FEF00D77039 /* Build configuration list for PBXProject "SceneDepthPointCloud" */;
			compatibilityVersion = "Xcode 9.3";
			developmentRegion = en;
			hasScannedForEncodings = 0;
			knownRegions = (
				en,
				Base,
			);
			mainGroup = E73DD12424636FEF00D77039;
			productRefGroup = E73DD12E24636FEF00D77039 /* Products */;
			projectDirPath = "";
			projectRoot = "";
			targets = (
				E73DD12C24636FEF00D77039 /* SceneDepthPointCloud */,
			);
		};
/* End PBXProject section */

/* Begin PBXResourcesBuildPhase section */
		E73DD12B24636FEF00D77039 /* Resources */ = {
			isa = PBXResourcesBuildPhase;
			buildActionMask = 2147483647;
			files = (
				E73DD14024636FF100D77039 /* LaunchScreen.storyboard in Resources */,
				E73DD13D24636FF100D77039 /* Assets.xcassets in Resources */,
				E73DD13B24636FEF00D77039 /* Main.storyboard in Resources */,
			);
			runOnlyForDeploymentPostprocessing = 0;
		};
/* End PBXResourcesBuildPhase section */

/* Begin PBXSourcesBuildPhase section */
		E73DD12924636FEF00D77039 /* Sources */ = {
			isa = PBXSourcesBuildPhase;
			buildActionMask = 2147483647;
			files = (
				E73DD13324636FEF00D77039 /* Shaders.metal in Sources */,
				8A7A38A126C14B1A00469FF7 /* Exporter.swift in Sources */,
				8A01001826F4736400297E04 /* BufferPreprocessor.cpp in Sources */,
				8A156F2E26EB8E8000B077FB /* CPPCaller.mm in Sources */,
				E7B7223D24809D1E002E43E8 /* Helpers.swift in Sources */,
				E7B7223B24807ACA002E43E8 /* MetalBuffer.swift in Sources */,
				E73DD13624636FEF00D77039 /* Renderer.swift in Sources */,
				8A1D960326EF893C004E8140 /* RendererExtension.swift in Sources */,
				8A156F2A26EB8CA500B077FB /* func.cpp in Sources */,
				8A156F3926EB9BB900B077FB /* mtlpp.mm in Sources */,
				8AC320C226F1C8D00055AB18 /* Resourses.swift in Sources */,
				E73DD13824636FEF00D77039 /* ViewController.swift in Sources */,
				E73DD13124636FEF00D77039 /* AppDelegate.swift in Sources */,
			);
			runOnlyForDeploymentPostprocessing = 0;
		};
/* End PBXSourcesBuildPhase section */

/* Begin PBXVariantGroup section */
		E73DD13924636FEF00D77039 /* Main.storyboard */ = {
			isa = PBXVariantGroup;
			children = (
				E73DD13A24636FEF00D77039 /* Base */,
			);
			name = Main.storyboard;
			sourceTree = "<group>";
		};
		E73DD13E24636FF100D77039 /* LaunchScreen.storyboard */ = {
			isa = PBXVariantGroup;
			children = (
				E73DD13F24636FF100D77039 /* Base */,
			);
			name = LaunchScreen.storyboard;
			sourceTree = "<group>";
		};
/* End PBXVariantGroup section */

/* Begin XCBuildConfiguration section */
		E73DD14324636FF100D77039 /* Debug */ = {
			isa = XCBuildConfiguration;
			baseConfigurationReference = 948146554F46E56B015690CC /* SampleCode.xcconfig */;
			buildSettings = {
				ALWAYS_SEARCH_USER_PATHS = YES;
				CLANG_ANALYZER_NONNULL = YES;
				CLANG_ANALYZER_NUMBER_OBJECT_CONVERSION = YES_AGGRESSIVE;
				CLANG_CXX_LANGUAGE_STANDARD = "gnu++14";
				CLANG_CXX_LIBRARY = "libc++";
				CLANG_ENABLE_MODULES = YES;
				CLANG_ENABLE_OBJC_ARC = YES;
				CLANG_ENABLE_OBJC_WEAK = YES;
				CLANG_WARN_BLOCK_CAPTURE_AUTORELEASING = YES;
				CLANG_WARN_BOOL_CONVERSION = YES;
				CLANG_WARN_COMMA = YES;
				CLANG_WARN_CONSTANT_CONVERSION = YES;
				CLANG_WARN_DEPRECATED_OBJC_IMPLEMENTATIONS = YES;
				CLANG_WARN_DIRECT_OBJC_ISA_USAGE = YES_ERROR;
				CLANG_WARN_DOCUMENTATION_COMMENTS = YES;
				CLANG_WARN_EMPTY_BODY = YES;
				CLANG_WARN_ENUM_CONVERSION = YES;
				CLANG_WARN_INFINITE_RECURSION = YES;
				CLANG_WARN_INT_CONVERSION = YES;
				CLANG_WARN_NON_LITERAL_NULL_CONVERSION = YES;
				CLANG_WARN_OBJC_IMPLICIT_RETAIN_SELF = YES;
				CLANG_WARN_OBJC_LITERAL_CONVERSION = YES;
				CLANG_WARN_OBJC_ROOT_CLASS = YES_ERROR;
				CLANG_WARN_QUOTED_INCLUDE_IN_FRAMEWORK_HEADER = YES;
				CLANG_WARN_RANGE_LOOP_ANALYSIS = YES;
				CLANG_WARN_STRICT_PROTOTYPES = YES;
				CLANG_WARN_SUSPICIOUS_MOVE = YES;
				CLANG_WARN_UNGUARDED_AVAILABILITY = YES_AGGRESSIVE;
				CLANG_WARN_UNREACHABLE_CODE = YES;
				CLANG_WARN__DUPLICATE_METHOD_MATCH = YES;
				CODE_SIGN_STYLE = Automatic;
				COPY_PHASE_STRIP = NO;
				DEBUG_INFORMATION_FORMAT = dwarf;
				ENABLE_STRICT_OBJC_MSGSEND = YES;
				ENABLE_TESTABILITY = YES;
				GCC_C_LANGUAGE_STANDARD = gnu11;
				GCC_DYNAMIC_NO_PIC = NO;
				GCC_NO_COMMON_BLOCKS = YES;
				GCC_OPTIMIZATION_LEVEL = 0;
				GCC_PREPROCESSOR_DEFINITIONS = (
					"DEBUG=1",
					"$(inherited)",
				);
				GCC_WARN_64_TO_32_BIT_CONVERSION = YES;
				GCC_WARN_ABOUT_RETURN_TYPE = YES_ERROR;
				GCC_WARN_UNDECLARED_SELECTOR = YES;
				GCC_WARN_UNINITIALIZED_AUTOS = YES_AGGRESSIVE;
				GCC_WARN_UNUSED_FUNCTION = YES;
				GCC_WARN_UNUSED_VARIABLE = YES;
				IPHONEOS_DEPLOYMENT_TARGET = 14.0;
				MTL_ENABLE_DEBUG_INFO = INCLUDE_SOURCE;
				MTL_FAST_MATH = YES;
				ONLY_ACTIVE_ARCH = YES;
				SDKROOT = iphoneos.internal;
				SWIFT_ACTIVE_COMPILATION_CONDITIONS = DEBUG;
				SWIFT_OPTIMIZATION_LEVEL = "-Onone";
				VALIDATE_PRODUCT = YES;
			};
			name = Debug;
		};
		E73DD14424636FF100D77039 /* Release */ = {
			isa = XCBuildConfiguration;
			baseConfigurationReference = 948146554F46E56B015690CC /* SampleCode.xcconfig */;
			buildSettings = {
				ALWAYS_SEARCH_USER_PATHS = YES;
				CLANG_ANALYZER_NONNULL = YES;
				CLANG_ANALYZER_NUMBER_OBJECT_CONVERSION = YES_AGGRESSIVE;
				CLANG_CXX_LANGUAGE_STANDARD = "gnu++14";
				CLANG_CXX_LIBRARY = "libc++";
				CLANG_ENABLE_MODULES = YES;
				CLANG_ENABLE_OBJC_ARC = YES;
				CLANG_ENABLE_OBJC_WEAK = YES;
				CLANG_WARN_BLOCK_CAPTURE_AUTORELEASING = YES;
				CLANG_WARN_BOOL_CONVERSION = YES;
				CLANG_WARN_COMMA = YES;
				CLANG_WARN_CONSTANT_CONVERSION = YES;
				CLANG_WARN_DEPRECATED_OBJC_IMPLEMENTATIONS = YES;
				CLANG_WARN_DIRECT_OBJC_ISA_USAGE = YES_ERROR;
				CLANG_WARN_DOCUMENTATION_COMMENTS = YES;
				CLANG_WARN_EMPTY_BODY = YES;
				CLANG_WARN_ENUM_CONVERSION = YES;
				CLANG_WARN_INFINITE_RECURSION = YES;
				CLANG_WARN_INT_CONVERSION = YES;
				CLANG_WARN_NON_LITERAL_NULL_CONVERSION = YES;
				CLANG_WARN_OBJC_IMPLICIT_RETAIN_SELF = YES;
				CLANG_WARN_OBJC_LITERAL_CONVERSION = YES;
				CLANG_WARN_OBJC_ROOT_CLASS = YES_ERROR;
				CLANG_WARN_QUOTED_INCLUDE_IN_FRAMEWORK_HEADER = YES;
				CLANG_WARN_RANGE_LOOP_ANALYSIS = YES;
				CLANG_WARN_STRICT_PROTOTYPES = YES;
				CLANG_WARN_SUSPICIOUS_MOVE = YES;
				CLANG_WARN_UNGUARDED_AVAILABILITY = YES_AGGRESSIVE;
				CLANG_WARN_UNREACHABLE_CODE = YES;
				CLANG_WARN__DUPLICATE_METHOD_MATCH = YES;
				CODE_SIGN_STYLE = Automatic;
				COPY_PHASE_STRIP = NO;
				DEBUG_INFORMATION_FORMAT = "dwarf-with-dsym";
				ENABLE_NS_ASSERTIONS = NO;
				ENABLE_STRICT_OBJC_MSGSEND = YES;
				GCC_C_LANGUAGE_STANDARD = gnu11;
				GCC_NO_COMMON_BLOCKS = YES;
				GCC_WARN_64_TO_32_BIT_CONVERSION = YES;
				GCC_WARN_ABOUT_RETURN_TYPE = YES_ERROR;
				GCC_WARN_UNDECLARED_SELECTOR = YES;
				GCC_WARN_UNINITIALIZED_AUTOS = YES_AGGRESSIVE;
				GCC_WARN_UNUSED_FUNCTION = YES;
				GCC_WARN_UNUSED_VARIABLE = YES;
				IPHONEOS_DEPLOYMENT_TARGET = 14.0;
				MTL_ENABLE_DEBUG_INFO = NO;
				MTL_FAST_MATH = YES;
				SDKROOT = iphoneos.internal;
				SWIFT_COMPILATION_MODE = wholemodule;
				SWIFT_OPTIMIZATION_LEVEL = "-O";
				VALIDATE_PRODUCT = YES;
			};
			name = Release;
		};
		E73DD14624636FF100D77039 /* Debug */ = {
			isa = XCBuildConfiguration;
			baseConfigurationReference = 948146554F46E56B015690CC /* SampleCode.xcconfig */;
			buildSettings = {
				ASSETCATALOG_COMPILER_APPICON_NAME = AppIcon;
				CLANG_CXX_LANGUAGE_STANDARD = "gnu++17";
				CODE_SIGN_ENTITLEMENTS = "";
				CODE_SIGN_IDENTITY = "iPhone Developer";
				CODE_SIGN_STYLE = Automatic;
				CURRENT_PROJECT_VERSION = 3;
				DEVELOPMENT_TEAM = UR6DEMSJ84;
				ENABLE_BITCODE = NO;
				HEADER_SEARCH_PATHS = (
					"${ROOTDIR}",
					/opt/homebrew/include,
					/opt/homebrew/include/eigen3,
				);
				INFOPLIST_FILE = SceneDepthPointCloud/Info.plist;
				LD_RUNPATH_SEARCH_PATHS = (
					"$(inherited)",
					"@executable_path/Frameworks",
				);
				LIBRARY_SEARCH_PATHS = (
					"$(inherited)",
					/opt/homebrew/ioslib,
				);
				MARKETING_VERSION = 1.0;
				PRODUCT_BUNDLE_IDENTIFIER = fittin1;
				PRODUCT_NAME = "Point Cloud";
				PROVISIONING_PROFILE_SPECIFIER = "";
				SDKROOT = iphoneos;
				SWIFT_OBJC_BRIDGING_HEADER = "SceneDepthPointCloud/SceneDepthPointCloud-Bridging-Header.h";
				SWIFT_VERSION = 5.0;
				TARGETED_DEVICE_FAMILY = 1;
			};
			name = Debug;
		};
		E73DD14724636FF100D77039 /* Release */ = {
			isa = XCBuildConfiguration;
			baseConfigurationReference = 948146554F46E56B015690CC /* SampleCode.xcconfig */;
			buildSettings = {
				ASSETCATALOG_COMPILER_APPICON_NAME = AppIcon;
				CLANG_CXX_LANGUAGE_STANDARD = "gnu++17";
				CODE_SIGN_ENTITLEMENTS = "";
				CODE_SIGN_IDENTITY = "iPhone Developer";
				CODE_SIGN_STYLE = Automatic;
				CURRENT_PROJECT_VERSION = 3;
				DEVELOPMENT_TEAM = UR6DEMSJ84;
				ENABLE_BITCODE = NO;
				HEADER_SEARCH_PATHS = (
					"${ROOTDIR}",
					/opt/homebrew/include,
					/opt/homebrew/include/eigen3,
				);
				INFOPLIST_FILE = SceneDepthPointCloud/Info.plist;
				LD_RUNPATH_SEARCH_PATHS = (
					"$(inherited)",
					"@executable_path/Frameworks",
				);
				LIBRARY_SEARCH_PATHS = (
					"$(inherited)",
					/opt/homebrew/ioslib,
				);
				MARKETING_VERSION = 1.0;
				PRODUCT_BUNDLE_IDENTIFIER = fittin1;
				PRODUCT_NAME = "Point Cloud";
				PROVISIONING_PROFILE_SPECIFIER = "";
				SDKROOT = iphoneos;
				SWIFT_OBJC_BRIDGING_HEADER = "SceneDepthPointCloud/SceneDepthPointCloud-Bridging-Header.h";
				SWIFT_VERSION = 5.0;
				TARGETED_DEVICE_FAMILY = 1;
			};
			name = Release;
		};
/* End XCBuildConfiguration section */

/* Begin XCConfigurationList section */
		E73DD12824636FEF00D77039 /* Build configuration list for PBXProject "SceneDepthPointCloud" */ = {
			isa = XCConfigurationList;
			buildConfigurations = (
				E73DD14324636FF100D77039 /* Debug */,
				E73DD14424636FF100D77039 /* Release */,
			);
			defaultConfigurationIsVisible = 0;
			defaultConfigurationName = Release;
		};
		E73DD14524636FF100D77039 /* Build configuration list for PBXNativeTarget "SceneDepthPointCloud" */ = {
			isa = XCConfigurationList;
			buildConfigurations = (
				E73DD14624636FF100D77039 /* Debug */,
				E73DD14724636FF100D77039 /* Release */,
			);
			defaultConfigurationIsVisible = 0;
			defaultConfigurationName = Release;
		};
/* End XCConfigurationList section */
	};
	rootObject = E73DD12524636FEF00D77039 /* Project object */;
}
